Microsoft Visual Studio Solution File, Format Version 12.00
# Visual Studio Version 17
VisualStudioVersion = 17.5.2.0
MinimumVisualStudioVersion = 10.0.40219.1
Project("{FAE04EC0-301F-11D3-BF4B-00C04F79EFBC}") = "MasterServer", "MasterServer.csproj", "{6C2E6531-FC92-8257-C528-FF643E160DD6}"
EndProject
Global
	GlobalSection(SolutionConfigurationPlatforms) = preSolution
		Debug|Any CPU = Debug|Any CPU
		Release|Any CPU = Release|Any CPU
	EndGlobalSection
	GlobalSection(ProjectConfigurationPlatforms) = postSolution
		{6C2E6531-FC92-8257-C528-FF643E160DD6}.Debug|Any CPU.ActiveCfg = Debug|Any CPU
		{6C2E6531-FC92-8257-C528-FF643E160DD6}.Debug|Any CPU.Build.0 = Debug|Any CPU
		{6C2E6531-FC92-8257-C528-FF643E160DD6}.Release|Any CPU.ActiveCfg = Release|Any CPU
		{6C2E6531-FC92-8257-C528-FF643E160DD6}.Release|Any CPU.Build.0 = Release|Any CPU
	EndGlobalSection
	GlobalSection(SolutionProperties) = preSolution
		HideSolutionNode = FALSE
	EndGlobalSection
	GlobalSection(ExtensibilityGlobals) = postSolution
		SolutionGuid = {1BD6C6E1-056C-4B1F-86E9-05311FCB3B5A}
	EndGlobalSection
EndGlobal
